<?xml version="1.0" encoding="UTF-8"?>
<Scheme
   LastUpgradeVersion = "2620"
   version = "1.8">
   <BuildAction
      parallelizeBuildables = "YES"
      buildImplicitDependencies = "YES"
      buildArchitectures = "Automatic">
      <PreActions>
         <ExecutionAction
            ActionType = "Xcode.IDEStandardExecutionActionsCore.ExecutionActionType.ShellScriptAction">
            <ActionContent
               title = "Stop Running HueSpot"
               scriptText = "/usr/bin/pkill -x HueSpot &gt;/dev/null 2&gt;&amp;1 || true"
               shellToInvoke = "/bin/sh">
            </ActionContent>
         </ExecutionAction>
      </PreActions>
      <PostActions>
         <ExecutionAction
            ActionType = "Xcode.IDEStandardExecutionActionsCore.ExecutionActionType.ShellScriptAction">
            <ActionContent
               title = "Sync App To User Applications"
               scriptText = "src=&quot;$(/bin/ls -dt &quot;$HOME&quot;/Library/Developer/Xcode/DerivedData/HueSpot-*/Build/Products/Debug/HueSpot.app 2&gt;/dev/null | /usr/bin/head -n 1)&quot;&#10;dst=&quot;$HOME/Applications/HueSpot.app&quot;&#10;/bin/mkdir -p &quot;$HOME/Applications&quot;&#10;if [ -n &quot;$src&quot; ] &amp;&amp; [ -d &quot;$src&quot; ] &amp;&amp; [ &quot;$src&quot; != &quot;$dst&quot; ]; then&#10;  /usr/bin/ditto &quot;$src&quot; &quot;$dst&quot; || true&#10;fi"
               shellToInvoke = "/bin/sh">
            </ActionContent>
         </ExecutionAction>
      </PostActions>
      <BuildActionEntries>
         <BuildActionEntry
            buildForTesting = "YES"
            buildForRunning = "YES"
            buildForProfiling = "YES"
            buildForArchiving = "YES"
            buildForAnalyzing = "YES">
            <BuildableReference
               BuildableIdentifier = "primary"
               BlueprintIdentifier = "27F1311F2F37F89E00E51F82"
               BuildableName = "HueSpot.app"
               BlueprintName = "HueSpot"
               ReferencedContainer = "container:HueSpot.xcodeproj">
            </BuildableReference>
         </BuildActionEntry>
      </BuildActionEntries>
   </BuildAction>
   <TestAction
      buildConfiguration = "Debug"
      selectedDebuggerIdentifier = "Xcode.DebuggerFoundation.Debugger.LLDB"
      selectedLauncherIdentifier = "Xcode.DebuggerFoundation.Launcher.LLDB"
      shouldUseLaunchSchemeArgsEnv = "YES"
      shouldAutocreateTestPlan = "YES">
      <Testables>
         <TestableReference
            skipped = "NO"
            parallelizable = "YES">
            <BuildableReference
               BuildableIdentifier = "primary"
               BlueprintIdentifier = "27F1312C2F37F89E00E51F82"
               BuildableName = "HueSpotTests.xctest"
               BlueprintName = "HueSpotTests"
               ReferencedContainer = "container:HueSpot.xcodeproj">
            </BuildableReference>
         </TestableReference>
         <TestableReference
            skipped = "NO"
            parallelizable = "YES">
            <BuildableReference
               BuildableIdentifier = "primary"
               BlueprintIdentifier = "27F131362F37F89E00E51F82"
               BuildableName = "HueSpotUITests.xctest"
               BlueprintName = "HueSpotUITests"
               ReferencedContainer = "container:HueSpot.xcodeproj">
            </BuildableReference>
         </TestableReference>
      </Testables>
   </TestAction>
   <LaunchAction
      buildConfiguration = "Debug"
      selectedDebuggerIdentifier = ""
      selectedLauncherIdentifier = "Xcode.IDEFoundation.Launcher.PosixSpawn"
      debugExecutable = "NO"
      launchStyle = "0"
      useCustomWorkingDirectory = "NO"
      ignoresPersistentStateOnLaunch = "NO"
      debugDocumentVersioning = "YES"
      debugServiceExtension = "internal"
      allowLocationSimulation = "YES">
      <PathRunnable
         runnableDebuggingMode = "0"
         FilePath = "/usr/bin/open">
      </PathRunnable>
      <MacroExpansion>
         <BuildableReference
            BuildableIdentifier = "primary"
            BlueprintIdentifier = "27F1311F2F37F89E00E51F82"
            BuildableName = "HueSpot.app"
            BlueprintName = "HueSpot"
            ReferencedContainer = "container:HueSpot.xcodeproj">
         </BuildableReference>
      </MacroExpansion>
      <CommandLineArguments>
         <CommandLineArgument
            argument = "-na"
            isEnabled = "YES">
         </CommandLineArgument>
         <CommandLineArgument
            argument = "~/Applications/HueSpot.app"
            isEnabled = "YES">
         </CommandLineArgument>
      </CommandLineArguments>
   </LaunchAction>
   <ProfileAction
      buildConfiguration = "Release"
      shouldUseLaunchSchemeArgsEnv = "YES"
      savedToolIdentifier = ""
      useCustomWorkingDirectory = "NO"
      debugDocumentVersioning = "YES">
      <BuildableProductRunnable
         runnableDebuggingMode = "0">
         <BuildableReference
            BuildableIdentifier = "primary"
            BlueprintIdentifier = "27F1311F2F37F89E00E51F82"
            BuildableName = "HueSpot.app"
            BlueprintName = "HueSpot"
            ReferencedContainer = "container:HueSpot.xcodeproj">
         </BuildableReference>
      </BuildableProductRunnable>
   </ProfileAction>
   <AnalyzeAction
      buildConfiguration = "Debug">
   </AnalyzeAction>
   <ArchiveAction
      buildConfiguration = "Release"
      revealArchiveInOrganizer = "YES">
   </ArchiveAction>
</Scheme>
